{
  "name": "powermop",
  "version": "6.0.0",
  "lockfileVersion": 1,
  "requires": true,
  "dependencies": {
    "console-polyfill": {
      "version": "0.3.0",
      "resolved": "http://registry.npm.taobao.org/console-polyfill/download/console-polyfill-0.3.0.tgz",
      "integrity": "sha1-hJAJAqGMR6XrqTK+dfpE0j6K+GE=",
      "dev": true
    },
    "cookie": {
      "version": "0.3.1",
      "resolved": "http://registry.npm.taobao.org/cookie/download/cookie-0.3.1.tgz",
      "integrity": "sha1-5+Ch+e9DtMi6klxcWpboBtFoc7s=",
      "dev": true
    },
    "escape-html": {
      "version": "1.0.3",
      "resolved": "http://registry.npm.taobao.org/escape-html/download/escape-html-1.0.3.tgz",
      "integrity": "sha1-Aljq5NPQwJdN4cFpGI7wBR0dGYg=",
      "dev": true
    },
    "intl": {
      "version": "1.2.5",
      "resolved": "http://registry.npm.taobao.org/intl/download/intl-1.2.5.tgz",
      "integrity": "sha1-giRKIZDE5Bn4Nx9ao02qNCDiq94=",
      "dev": true
    },
    "intl-messageformat": {
      "version": "2.2.0",
      "resolved": "http://registry.npm.taobao.org/intl-messageformat/download/intl-messageformat-2.2.0.tgz",
      "integrity": "sha1-NFvNRt5jC3aDMwwuUhd/9eq0hPw=",
      "dev": true,
      "requires": {
        "intl-messageformat-parser": "1.4.0"
      }
    },
    "intl-messageformat-parser": {
      "version": "1.4.0",
      "resolved": "http://registry.npm.taobao.org/intl-messageformat-parser/download/intl-messageformat-parser-1.4.0.tgz",
      "integrity": "sha1-tD1FqXRoytvkQzHXS7Ho3qRPwHU=",
      "dev": true
    },
    "invariant": {
      "version": "2.2.4",
      "resolved": "http://registry.npm.taobao.org/invariant/download/invariant-2.2.4.tgz",
      "integrity": "sha1-YQ88ksk1nOHbYW5TgAjSP/NRWOY=",
      "dev": true,
      "requires": {
        "loose-envify": "1.4.0"
      }
    },
    "is-electron": {
      "version": "2.1.0",
      "resolved": "http://registry.npm.taobao.org/is-electron/download/is-electron-2.1.0.tgz",
      "integrity": "sha1-N90unnFn76i6/OhsDCV2K8S4Ufo=",
      "dev": true
    },
    "js-tokens": {
      "version": "4.0.0",
      "resolved": "http://registry.npm.taobao.org/js-tokens/download/js-tokens-4.0.0.tgz",
      "integrity": "sha1-GSA/tZmR35jjoocFDUZHzerzJJk=",
      "dev": true
    },
    "load-script": {
      "version": "1.0.0",
      "resolved": "http://registry.npm.taobao.org/load-script/download/load-script-1.0.0.tgz",
      "integrity": "sha1-BJGTngvuVkPuSUp+PaPSuscMbKQ=",
      "dev": true
    },
    "lodash.merge": {
      "version": "4.6.1",
      "resolved": "http://registry.npm.taobao.org/lodash.merge/download/lodash.merge-4.6.1.tgz",
      "integrity": "sha1-rcJdnLmbk5HFliTzefu6YNcRHVQ=",
      "dev": true
    },
    "loose-envify": {
      "version": "1.4.0",
      "resolved": "http://registry.npm.taobao.org/loose-envify/download/loose-envify-1.4.0.tgz",
      "integrity": "sha1-ce5R+nvkyuwaY4OffmgtgTLTDK8=",
      "dev": true,
      "requires": {
        "js-tokens": "4.0.0"
      }
    },
    "object-keys": {
      "version": "1.0.12",
      "resolved": "http://registry.npm.taobao.org/object-keys/download/object-keys-1.0.12.tgz",
      "integrity": "sha1-CcU4VTd1dTEMymL1W7M0q/97PtI=",
      "dev": true
    },
    "querystring": {
      "version": "0.2.0",
      "resolved": "http://registry.npm.taobao.org/querystring/download/querystring-0.2.0.tgz",
      "integrity": "sha1-sgmEkgO7Jd+CDadW50cAWHhSFiA=",
      "dev": true
    },
    "react-intl-universal": {
      "version": "1.15.0",
      "resolved": "http://registry.npm.taobao.org/react-intl-universal/download/react-intl-universal-1.15.0.tgz",
      "integrity": "sha1-JjlSow2Zsoezebq23V6zKoTlxKo=",
      "dev": true,
      "requires": {
        "console-polyfill": "0.3.0",
        "cookie": "0.3.1",
        "escape-html": "1.0.3",
        "intl": "1.2.5",
        "intl-messageformat": "2.2.0",
        "invariant": "2.2.4",
        "is-electron": "2.1.0",
        "load-script": "1.0.0",
        "lodash.merge": "4.6.1",
        "object-keys": "1.0.12",
        "querystring": "0.2.0"
      }
    }
  }
}
